<?xml version="1.0" encoding="utf-8"?>
<Project ToolsVersion="4.0" xmlns="http://schemas.microsoft.com/developer/msbuild/2003">
  <ItemGroup>
    <ClCompile Include="student.h" />
    <ClCompile Include="main.cpp" />
    <ClCompile Include="main2.cpp" />
    <ClCompile Include="main3.cpp" />
    <ClCompile Include="main4.cpp" />
  </ItemGroup>
  <ItemGroup>
    <ClInclude Include="aspirant.h" />
    <ClInclude Include="foreignpassport.h" />
    <ClInclude Include="lab3.h" />
    <ClInclude Include="passport.h" />
    <ClInclude Include="hm.h" />
  </ItemGroup>
</Project>